{
  "name": "typescript-demo",
  "version": "1.0.0",
  "lockfileVersion": 2,
  "requires": true,
  "packages": {
    "": {
      "name": "typescript-demo",
      "version": "1.0.0",
      "license": "ISC",
      "dependencies": {
        "type-script-webcomponent": "^0.0.5"
      }
    },
    "node_modules/@stencil/core": {
      "version": "2.15.0",
      "resolved": "https://registry.npmjs.org/@stencil/core/-/core-2.15.0.tgz",
      "integrity": "sha512-58+FPFpJCJScd5nmqVsZN+qk7aui57wFcMHWzySr1SQzoY8Efst9OPG7XRf27UsNj1DNeEdYWTtdrTfJyn3mZg==",
      "bin": {
        "stencil": "bin/stencil"
      },
      "engines": {
        "node": ">=12.10.0",
        "npm": ">=6.0.0"
      }
    },
    "node_modules/dexie": {
      "version": "3.2.1",
      "resolved": "https://registry.npmjs.org/dexie/-/dexie-3.2.1.tgz",
      "integrity": "sha512-Y8oz3t2XC9hvjkP35B5I8rUkKKwM36GGRjWQCMjzIYScg7W+GHKDXobSYswkisW7CxL1/tKQtggMDsiWqDUc1g==",
      "engines": {
        "node": ">=6.0"
      }
    },
    "node_modules/type-script-webcomponent": {
      "version": "0.0.5",
      "resolved": "https://registry.npmjs.org/type-script-webcomponent/-/type-script-webcomponent-0.0.5.tgz",
      "integrity": "sha512-Z4Yjd0dCyi7QIUaUUjbU8X/N82iOXo5SOPOcPuCj00LwVMG9MoRqjqZNlsZOaXPs3b4n+UFudttMTIGseQ03/g==",
      "dependencies": {
        "@stencil/core": "^2.13.0",
        "dexie": "^3.2.1"
      }
    }
  },
  "dependencies": {
    "@stencil/core": {
      "version": "2.15.0",
      "resolved": "https://registry.npmjs.org/@stencil/core/-/core-2.15.0.tgz",
      "integrity": "sha512-58+FPFpJCJScd5nmqVsZN+qk7aui57wFcMHWzySr1SQzoY8Efst9OPG7XRf27UsNj1DNeEdYWTtdrTfJyn3mZg=="
    },
    "dexie": {
      "version": "3.2.1",
      "resolved": "https://registry.npmjs.org/dexie/-/dexie-3.2.1.tgz",
      "integrity": "sha512-Y8oz3t2XC9hvjkP35B5I8rUkKKwM36GGRjWQCMjzIYScg7W+GHKDXobSYswkisW7CxL1/tKQtggMDsiWqDUc1g=="
    },
    "type-script-webcomponent": {
      "version": "0.0.5",
      "resolved": "https://registry.npmjs.org/type-script-webcomponent/-/type-script-webcomponent-0.0.5.tgz",
      "integrity": "sha512-Z4Yjd0dCyi7QIUaUUjbU8X/N82iOXo5SOPOcPuCj00LwVMG9MoRqjqZNlsZOaXPs3b4n+UFudttMTIGseQ03/g==",
      "requires": {
        "@stencil/core": "^2.13.0",
        "dexie": "^3.2.1"
      }
    }
  }
}
